{
  "name": "astn-serializer-lib",
  "version": "0.15.0",
  "lockfileVersion": 2,
  "requires": true,
  "packages": {
    "": {
      "name": "astn-serializer-lib",
      "version": "0.15.0",
      "license": "ISC",
      "dependencies": {
        "astn-handlers-api": "^0.16.0",
        "astn-serialize-string-api": "^0.3.0",
        "pareto-core-lib": "^0.4.0"
      }
    },
    "node_modules/astn-handlers-api": {
      "version": "0.16.0",
      "resolved": "https://registry.npmjs.org/astn-handlers-api/-/astn-handlers-api-0.16.0.tgz",
      "integrity": "sha512-CYsdVhnlGe9rFVtVW6aco2PDocc8GiFaEUiDYQTFrF19+QCdAnGrytwFbVBlPi2d/NT4hV5+IzXPCVfn/stDuw==",
      "dependencies": {
        "pareto-typesystem-core": "^0.4.0"
      }
    },
    "node_modules/astn-serialize-string-api": {
      "version": "0.3.0",
      "resolved": "https://registry.npmjs.org/astn-serialize-string-api/-/astn-serialize-string-api-0.3.0.tgz",
      "integrity": "sha512-R96Bx7qVVkkBA/EGdMEGNIfX4Rw5fe00eqQVzysDGeHeH/pta57t7TmUiu9YAaQXfbAhO0wuPHme3vDufI5R2w==",
      "dependencies": {
        "pareto-typesystem-core": "^0.4.0"
      }
    },
    "node_modules/pareto-core-lib": {
      "version": "0.13.0",
      "resolved": "https://registry.npmjs.org/pareto-core-lib/-/pareto-core-lib-0.13.0.tgz",
      "integrity": "sha512-fVEIhq2G7ZJ9VDowMaftS8MhyGCShQkk8h0JFFWLsEm3usM//gffdeOfxKBdoPa8gdKskVozv3wbWf6jFTnEUQ==",
      "dependencies": {
        "pareto-typesystem-core": "^0.6.0"
      }
    },
    "node_modules/pareto-core-lib/node_modules/pareto-typesystem-core": {
      "version": "0.6.0",
      "resolved": "https://registry.npmjs.org/pareto-typesystem-core/-/pareto-typesystem-core-0.6.0.tgz",
      "integrity": "sha512-CJwKu7lYvLBEzNuvbp5Vk8eND0Jsmlburk04/PsknFAx9QiN9EpYhRAQ1oJY4OAh6hZv6WY/kLAAAZu6w2LuxQ=="
    },
    "node_modules/pareto-typesystem-core": {
      "version": "0.4.0",
      "resolved": "https://registry.npmjs.org/pareto-typesystem-core/-/pareto-typesystem-core-0.4.0.tgz",
      "integrity": "sha512-5fk2LTxNyo3TCz/+c9MTcbiWzJLBPL6uHuYXloOKdMtsGQ/djf4josk6NtfdTNpcJSGDapYGbiRm8uxfWp6e0w=="
    }
  },
  "dependencies": {
    "astn-handlers-api": {
      "version": "0.16.0",
      "resolved": "https://registry.npmjs.org/astn-handlers-api/-/astn-handlers-api-0.16.0.tgz",
      "integrity": "sha512-CYsdVhnlGe9rFVtVW6aco2PDocc8GiFaEUiDYQTFrF19+QCdAnGrytwFbVBlPi2d/NT4hV5+IzXPCVfn/stDuw==",
      "requires": {
        "pareto-typesystem-core": "^0.4.0"
      }
    },
    "astn-serialize-string-api": {
      "version": "0.3.0",
      "resolved": "https://registry.npmjs.org/astn-serialize-string-api/-/astn-serialize-string-api-0.3.0.tgz",
      "integrity": "sha512-R96Bx7qVVkkBA/EGdMEGNIfX4Rw5fe00eqQVzysDGeHeH/pta57t7TmUiu9YAaQXfbAhO0wuPHme3vDufI5R2w==",
      "requires": {
        "pareto-typesystem-core": "^0.4.0"
      }
    },
    "pareto-core-lib": {
      "version": "0.13.0",
      "resolved": "https://registry.npmjs.org/pareto-core-lib/-/pareto-core-lib-0.13.0.tgz",
      "integrity": "sha512-fVEIhq2G7ZJ9VDowMaftS8MhyGCShQkk8h0JFFWLsEm3usM//gffdeOfxKBdoPa8gdKskVozv3wbWf6jFTnEUQ==",
      "requires": {
        "pareto-typesystem-core": "^0.6.0"
      },
      "dependencies": {
        "pareto-typesystem-core": {
          "version": "0.6.0",
          "resolved": "https://registry.npmjs.org/pareto-typesystem-core/-/pareto-typesystem-core-0.6.0.tgz",
          "integrity": "sha512-CJwKu7lYvLBEzNuvbp5Vk8eND0Jsmlburk04/PsknFAx9QiN9EpYhRAQ1oJY4OAh6hZv6WY/kLAAAZu6w2LuxQ=="
        }
      }
    },
    "pareto-typesystem-core": {
      "version": "0.4.0",
      "resolved": "https://registry.npmjs.org/pareto-typesystem-core/-/pareto-typesystem-core-0.4.0.tgz",
      "integrity": "sha512-5fk2LTxNyo3TCz/+c9MTcbiWzJLBPL6uHuYXloOKdMtsGQ/djf4josk6NtfdTNpcJSGDapYGbiRm8uxfWp6e0w=="
    }
  }
}
